// !$*UTF8*$!
{
	archiveVersion = 1;
	classes = {
	};
	objectVersion = 50;
	objects = {

/* Begin PBXBuildFile section */
		49498E8621291C3E009D0B28 /* AppDelegate.swift in Sources */ = {isa = PBXBuildFile; fileRef = 49498E8521291C3E009D0B28 /* AppDelegate.swift */; };
		49498E8821291C3E009D0B28 /* ViewController.swift in Sources */ = {isa = PBXBuildFile; fileRef = 49498E8721291C3E009D0B28 /* ViewController.swift */; };
		49498E8B21291C3E009D0B28 /* Main.storyboard in Resources */ = {isa = PBXBuildFile; fileRef = 49498E8921291C3E009D0B28 /* Main.storyboard */; };
		49498E8E21291C3E009D0B28 /* FavoriteSong.xcdatamodeld in Sources */ = {isa = PBXBuildFile; fileRef = 49498E8C21291C3E009D0B28 /* FavoriteSong.xcdatamodeld */; };
		49498E9021291C41009D0B28 /* Assets.xcassets in Resources */ = {isa = PBXBuildFile; fileRef = 49498E8F21291C41009D0B28 /* Assets.xcassets */; };
		49498E9321291C41009D0B28 /* LaunchScreen.storyboard in Resources */ = {isa = PBXBuildFile; fileRef = 49498E9121291C41009D0B28 /* LaunchScreen.storyboard */; };
/* End PBXBuildFile section */

/* Begin PBXFileReference section */
		49498E8221291C3E009D0B28 /* FavoriteSong.app */ = {isa = PBXFileReference; explicitFileType = wrapper.application; includeInIndex = 0; path = FavoriteSong.app; sourceTree = BUILT_PRODUCTS_DIR; };
		49498E8521291C3E009D0B28 /* AppDelegate.swift */ = {isa = PBXFileReference; lastKnownFileType = sourcecode.swift; path = AppDelegate.swift; sourceTree = "<group>"; };
		49498E8721291C3E009D0B28 /* ViewController.swift */ = {isa = PBXFileReference; lastKnownFileType = sourcecode.swift; path = ViewController.swift; sourceTree = "<group>"; };
		49498E8A21291C3E009D0B28 /* Base */ = {isa = PBXFileReference; lastKnownFileType = file.storyboard; name = Base; path = Base.lproj/Main.storyboard; sourceTree = "<group>"; };
		49498E8D21291C3E009D0B28 /* FavoriteSong.xcdatamodel */ = {isa = PBXFileReference; lastKnownFileType = wrapper.xcdatamodel; path = FavoriteSong.xcdatamodel; sourceTree = "<group>"; };
		49498E8F21291C41009D0B28 /* Assets.xcassets */ = {isa = PBXFileReference; lastKnownFileType = folder.assetcatalog; path = Assets.xcassets; sourceTree = "<group>"; };
		49498E9221291C41009D0B28 /* Base */ = {isa = PBXFileReference; lastKnownFileType = file.storyboard; name = Base; path = Base.lproj/LaunchScreen.storyboard; sourceTree = "<group>"; };
		49498E9421291C41009D0B28 /* Info.plist */ = {isa = PBXFileReference; lastKnownFileType = text.plist.xml; path = Info.plist; sourceTree = "<group>"; };
/* End PBXFileReference section */

/* Begin PBXFrameworksBuildPhase section */
		49498E7F21291C3E009D0B28 /* Frameworks */ = {
			isa = PBXFrameworksBuildPhase;
			buildActionMask = 2147483647;
			files = (
			);
			runOnlyForDeploymentPostprocessing = 0;
		};
/* End PBXFrameworksBuildPhase section */

/* Begin PBXGroup section */
		49498E7921291C3E009D0B28 = {
			isa = PBXGroup;
			children = (
				49498E8421291C3E009D0B28 /* FavoriteSong */,
				49498E8321291C3E009D0B28 /* Products */,
			);
			sourceTree = "<group>";
		};
		49498E8321291C3E009D0B28 /* Products */ = {
			isa = PBXGroup;
			children = (
				49498E8221291C3E009D0B28 /* FavoriteSong.app */,
			);
			name = Products;
			sourceTree = "<group>";
		};
		49498E8421291C3E009D0B28 /* FavoriteSong */ = {
			isa = PBXGroup;
			children = (
				49498E8521291C3E009D0B28 /* AppDelegate.swift */,
				49498E8721291C3E009D0B28 /* ViewController.swift */,
				49498E8921291C3E009D0B28 /* Main.storyboard */,
				49498E8F21291C41009D0B28 /* Assets.xcassets */,
				49498E9121291C41009D0B28 /* LaunchScreen.storyboard */,
				49498E9421291C41009D0B28 /* Info.plist */,
				49498E8C21291C3E009D0B28 /* FavoriteSong.xcdatamodeld */,
			);
			path = FavoriteSong;
			sourceTree = "<group>";
		};
/* End PBXGroup section */

/* Begin PBXNativeTarget section */
		49498E8121291C3E009D0B28 /* FavoriteSong */ = {
			isa = PBXNativeTarget;
			buildConfigurationList = 49498E9721291C41009D0B28 /* Build configuration list for PBXNativeTarget "FavoriteSong" */;
			buildPhases = (
				49498E7E21291C3E009D0B28 /* Sources */,
				49498E7F21291C3E009D0B28 /* Frameworks */,
				49498E8021291C3E009D0B28 /* Resources */,
			);
			buildRules = (
			);
			dependencies = (
			);
			name = FavoriteSong;
			productName = FavoriteSong;
			productReference = 49498E8221291C3E009D0B28 /* FavoriteSong.app */;
			productType = "com.apple.product-type.application";
		};
/* End PBXNativeTarget section */

/* Begin PBXProject section */
		49498E7A21291C3E009D0B28 /* Project object */ = {
			isa = PBXProject;
			attributes = {
				LastSwiftUpdateCheck = 0940;
				LastUpgradeCheck = 0940;
				ORGANIZATIONNAME = "Dong Nguyen";
				TargetAttributes = {
					49498E8121291C3E009D0B28 = {
						CreatedOnToolsVersion = 9.4.1;
					};
				};
			};
			buildConfigurationList = 49498E7D21291C3E009D0B28 /* Build configuration list for PBXProject "FavoriteSong" */;
			compatibilityVersion = "Xcode 9.3";
			developmentRegion = en;
			hasScannedForEncodings = 0;
			knownRegions = (
				en,
				Base,
			);
			mainGroup = 49498E7921291C3E009D0B28;
			productRefGroup = 49498E8321291C3E009D0B28 /* Products */;
			projectDirPath = "";
			projectRoot = "";
			targets = (
				49498E8121291C3E009D0B28 /* FavoriteSong */,
			);
		};
/* End PBXProject section */

/* Begin PBXResourcesBuildPhase section */
		49498E8021291C3E009D0B28 /* Resources */ = {
			isa = PBXResourcesBuildPhase;
			buildActionMask = 2147483647;
			files = (
				49498E9321291C41009D0B28 /* LaunchScreen.storyboard in Resources */,
				49498E9021291C41009D0B28 /* Assets.xcassets in Resources */,
				49498E8B21291C3E009D0B28 /* Main.storyboard in Resources */,
			);
			runOnlyForDeploymentPostprocessing = 0;
		};
/* End PBXResourcesBuildPhase section */

/* Begin PBXSourcesBuildPhase section */
		49498E7E21291C3E009D0B28 /* Sources */ = {
			isa = PBXSourcesBuildPhase;
			buildActionMask = 2147483647;
			files = (
				49498E8821291C3E009D0B28 /* ViewController.swift in Sources */,
				49498E8621291C3E009D0B28 /* AppDelegate.swift in Sources */,
				49498E8E21291C3E009D0B28 /* FavoriteSong.xcdatamodeld in Sources */,
			);
			runOnlyForDeploymentPostprocessing = 0;
		};
/* End PBXSourcesBuildPhase section */

/* Begin PBXVariantGroup section */
		49498E8921291C3E009D0B28 /* Main.storyboard */ = {
			isa = PBXVariantGroup;
			children = (
				49498E8A21291C3E009D0B28 /* Base */,
			);
			name = Main.storyboard;
			sourceTree = "<group>";
		};
		49498E9121291C41009D0B28 /* LaunchScreen.storyboard */ = {
			isa = PBXVariantGroup;
			children = (
				49498E9221291C41009D0B28 /* Base */,
			);
			name = LaunchScreen.storyboard;
			sourceTree = "<group>";
		};
/* End PBXVariantGroup section */

/* Begin XCBuildConfiguration section */
		49498E9521291C41009D0B28 /* Debug */ = {
			isa = XCBuildConfiguration;
			buildSettings = {
				ALWAYS_SEARCH_USER_PATHS = NO;
				CLANG_ANALYZER_NONNULL = YES;
				CLANG_ANALYZER_NUMBER_OBJECT_CONVERSION = YES_AGGRESSIVE;
				CLANG_CXX_LANGUAGE_STANDARD = "gnu++14";
				CLANG_CXX_LIBRARY = "libc++";
				CLANG_ENABLE_MODULES = YES;
				CLANG_ENABLE_OBJC_ARC = YES;
				CLANG_ENABLE_OBJC_WEAK = YES;
				CLANG_WARN_BLOCK_CAPTURE_AUTORELEASING = YES;
				CLANG_WARN_BOOL_CONVERSION = YES;
				CLANG_WARN_COMMA = YES;
				CLANG_WARN_CONSTANT_CONVERSION = YES;
				CLANG_WARN_DEPRECATED_OBJC_IMPLEMENTATIONS = YES;
				CLANG_WARN_DIRECT_OBJC_ISA_USAGE = YES_ERROR;
				CLANG_WARN_DOCUMENTATION_COMMENTS = YES;
				CLANG_WARN_EMPTY_BODY = YES;
				CLANG_WARN_ENUM_CONVERSION = YES;
				CLANG_WARN_INFINITE_RECURSION = YES;
				CLANG_WARN_INT_CONVERSION = YES;
				CLANG_WARN_NON_LITERAL_NULL_CONVERSION = YES;
				CLANG_WARN_OBJC_IMPLICIT_RETAIN_SELF = YES;
				CLANG_WARN_OBJC_LITERAL_CONVERSION = YES;
				CLANG_WARN_OBJC_ROOT_CLASS = YES_ERROR;
				CLANG_WARN_RANGE_LOOP_ANALYSIS = YES;
				CLANG_WARN_STRICT_PROTOTYPES = YES;
				CLANG_WARN_SUSPICIOUS_MOVE = YES;
				CLANG_WARN_UNGUARDED_AVAILABILITY = YES_AGGRESSIVE;
				CLANG_WARN_UNREACHABLE_CODE = YES;
				CLANG_WARN__DUPLICATE_METHOD_MATCH = YES;
				CODE_SIGN_IDENTITY = "iPhone Developer";
				COPY_PHASE_STRIP = NO;
				DEBUG_INFORMATION_FORMAT = dwarf;
				ENABLE_STRICT_OBJC_MSGSEND = YES;
				ENABLE_TESTABILITY = YES;
				GCC_C_LANGUAGE_STANDARD = gnu11;
				GCC_DYNAMIC_NO_PIC = NO;
				GCC_NO_COMMON_BLOCKS = YES;
				GCC_OPTIMIZATION_LEVEL = 0;
				GCC_PREPROCESSOR_DEFINITIONS = (
					"DEBUG=1",
					"$(inherited)",
				);
				GCC_WARN_64_TO_32_BIT_CONVERSION = YES;
				GCC_WARN_ABOUT_RETURN_TYPE = YES_ERROR;
				GCC_WARN_UNDECLARED_SELECTOR = YES;
				GCC_WARN_UNINITIALIZED_AUTOS = YES_AGGRESSIVE;
				GCC_WARN_UNUSED_FUNCTION = YES;
				GCC_WARN_UNUSED_VARIABLE = YES;
				IPHONEOS_DEPLOYMENT_TARGET = 11.4;
				MTL_ENABLE_DEBUG_INFO = YES;
				ONLY_ACTIVE_ARCH = YES;
				SDKROOT = iphoneos;
				SWIFT_ACTIVE_COMPILATION_CONDITIONS = DEBUG;
				SWIFT_OPTIMIZATION_LEVEL = "-Onone";
			};
			name = Debug;
		};
		49498E9621291C41009D0B28 /* Release */ = {
			isa = XCBuildConfiguration;
			buildSettings = {
				ALWAYS_SEARCH_USER_PATHS = NO;
				CLANG_ANALYZER_NONNULL = YES;
				CLANG_ANALYZER_NUMBER_OBJECT_CONVERSION = YES_AGGRESSIVE;
				CLANG_CXX_LANGUAGE_STANDARD = "gnu++14";
				CLANG_CXX_LIBRARY = "libc++";
				CLANG_ENABLE_MODULES = YES;
				CLANG_ENABLE_OBJC_ARC = YES;
				CLANG_ENABLE_OBJC_WEAK = YES;
				CLANG_WARN_BLOCK_CAPTURE_AUTORELEASING = YES;
				CLANG_WARN_BOOL_CONVERSION = YES;
				CLANG_WARN_COMMA = YES;
				CLANG_WARN_CONSTANT_CONVERSION = YES;
				CLANG_WARN_DEPRECATED_OBJC_IMPLEMENTATIONS = YES;
				CLANG_WARN_DIRECT_OBJC_ISA_USAGE = YES_ERROR;
				CLANG_WARN_DOCUMENTATION_COMMENTS = YES;
				CLANG_WARN_EMPTY_BODY = YES;
				CLANG_WARN_ENUM_CONVERSION = YES;
				CLANG_WARN_INFINITE_RECURSION = YES;
				CLANG_WARN_INT_CONVERSION = YES;
				CLANG_WARN_NON_LITERAL_NULL_CONVERSION = YES;
				CLANG_WARN_OBJC_IMPLICIT_RETAIN_SELF = YES;
				CLANG_WARN_OBJC_LITERAL_CONVERSION = YES;
				CLANG_WARN_OBJC_ROOT_CLASS = YES_ERROR;
				CLANG_WARN_RANGE_LOOP_ANALYSIS = YES;
				CLANG_WARN_STRICT_PROTOTYPES = YES;
				CLANG_WARN_SUSPICIOUS_MOVE = YES;
				CLANG_WARN_UNGUARDED_AVAILABILITY = YES_AGGRESSIVE;
				CLANG_WARN_UNREACHABLE_CODE = YES;
				CLANG_WARN__DUPLICATE_METHOD_MATCH = YES;
				CODE_SIGN_IDENTITY = "iPhone Developer";
				COPY_PHASE_STRIP = NO;
				DEBUG_INFORMATION_FORMAT = "dwarf-with-dsym";
				ENABLE_NS_ASSERTIONS = NO;
				ENABLE_STRICT_OBJC_MSGSEND = YES;
				GCC_C_LANGUAGE_STANDARD = gnu11;
				GCC_NO_COMMON_BLOCKS = YES;
				GCC_WARN_64_TO_32_BIT_CONVERSION = YES;
				GCC_WARN_ABOUT_RETURN_TYPE = YES_ERROR;
				GCC_WARN_UNDECLARED_SELECTOR = YES;
				GCC_WARN_UNINITIALIZED_AUTOS = YES_AGGRESSIVE;
				GCC_WARN_UNUSED_FUNCTION = YES;
				GCC_WARN_UNUSED_VARIABLE = YES;
				IPHONEOS_DEPLOYMENT_TARGET = 11.4;
				MTL_ENABLE_DEBUG_INFO = NO;
				SDKROOT = iphoneos;
				SWIFT_COMPILATION_MODE = wholemodule;
				SWIFT_OPTIMIZATION_LEVEL = "-O";
				VALIDATE_PRODUCT = YES;
			};
			name = Release;
		};
		49498E9821291C41009D0B28 /* Debug */ = {
			isa = XCBuildConfiguration;
			buildSettings = {
				ASSETCATALOG_COMPILER_APPICON_NAME = AppIcon;
				CODE_SIGN_STYLE = Automatic;
				INFOPLIST_FILE = FavoriteSong/Info.plist;
				LD_RUNPATH_SEARCH_PATHS = (
					"$(inherited)",
					"@executable_path/Frameworks",
				);
				PRODUCT_BUNDLE_IDENTIFIER = rmit.FavoriteSong;
				PRODUCT_NAME = "$(TARGET_NAME)";
				SWIFT_VERSION = 4.0;
				TARGETED_DEVICE_FAMILY = "1,2";
			};
			name = Debug;
		};
		49498E9921291C41009D0B28 /* Release */ = {
			isa = XCBuildConfiguration;
			buildSettings = {
				ASSETCATALOG_COMPILER_APPICON_NAME = AppIcon;
				CODE_SIGN_STYLE = Automatic;
				INFOPLIST_FILE = FavoriteSong/Info.plist;
				LD_RUNPATH_SEARCH_PATHS = (
					"$(inherited)",
					"@executable_path/Frameworks",
				);
				PRODUCT_BUNDLE_IDENTIFIER = rmit.FavoriteSong;
				PRODUCT_NAME = "$(TARGET_NAME)";
				SWIFT_VERSION = 4.0;
				TARGETED_DEVICE_FAMILY = "1,2";
			};
			name = Release;
		};
/* End XCBuildConfiguration section */

/* Begin XCConfigurationList section */
		49498E7D21291C3E009D0B28 /* Build configuration list for PBXProject "FavoriteSong" */ = {
			isa = XCConfigurationList;
			buildConfigurations = (
				49498E9521291C41009D0B28 /* Debug */,
				49498E9621291C41009D0B28 /* Release */,
			);
			defaultConfigurationIsVisible = 0;
			defaultConfigurationName = Release;
		};
		49498E9721291C41009D0B28 /* Build configuration list for PBXNativeTarget "FavoriteSong" */ = {
			isa = XCConfigurationList;
			buildConfigurations = (
				49498E9821291C41009D0B28 /* Debug */,
				49498E9921291C41009D0B28 /* Release */,
			);
			defaultConfigurationIsVisible = 0;
			defaultConfigurationName = Release;
		};
/* End XCConfigurationList section */

/* Begin XCVersionGroup section */
		49498E8C21291C3E009D0B28 /* FavoriteSong.xcdatamodeld */ = {
			isa = XCVersionGroup;
			children = (
				49498E8D21291C3E009D0B28 /* FavoriteSong.xcdatamodel */,
			);
			currentVersion = 49498E8D21291C3E009D0B28 /* FavoriteSong.xcdatamodel */;
			path = FavoriteSong.xcdatamodeld;
			sourceTree = "<group>";
			versionGroupType = wrapper.xcdatamodel;
		};
/* End XCVersionGroup section */
	};
	rootObject = 49498E7A21291C3E009D0B28 /* Project object */;
}
